
Microsoft Visual Studio Solution File, Format Version 12.00
# Visual Studio 15
Project("{FAE04EC0-301F-11D3-BF4B-00C04F79EFBC}") = "Assembly-CSharp", "Assembly-CSharp.csproj", "{67503485-D538-840B-F2E8-6B4BF54E28B7}"
EndProject
Project("{FAE04EC0-301F-11D3-BF4B-00C04F79EFBC}") = "Assembly-CSharp-Editor", "Assembly-CSharp-Editor.csproj", "{B757FE98-CA91-C3C7-0C37-B2F6EC0D892D}"
EndProject
Global
	GlobalSection(SolutionConfigurationPlatforms) = preSolution
		Debug|Any CPU = Debug|Any CPU
		Release|Any CPU = Release|Any CPU
	EndGlobalSection
	GlobalSection(ProjectConfigurationPlatforms) = postSolution
		{67503485-D538-840B-F2E8-6B4BF54E28B7}.Debug|Any CPU.ActiveCfg = Debug|Any CPU
		{67503485-D538-840B-F2E8-6B4BF54E28B7}.Debug|Any CPU.Build.0 = Debug|Any CPU
		{67503485-D538-840B-F2E8-6B4BF54E28B7}.Release|Any CPU.ActiveCfg = Release|Any CPU
		{67503485-D538-840B-F2E8-6B4BF54E28B7}.Release|Any CPU.Build.0 = Release|Any CPU
		{B757FE98-CA91-C3C7-0C37-B2F6EC0D892D}.Debug|Any CPU.ActiveCfg = Debug|Any CPU
		{B757FE98-CA91-C3C7-0C37-B2F6EC0D892D}.Debug|Any CPU.Build.0 = Debug|Any CPU
		{B757FE98-CA91-C3C7-0C37-B2F6EC0D892D}.Release|Any CPU.ActiveCfg = Release|Any CPU
		{B757FE98-CA91-C3C7-0C37-B2F6EC0D892D}.Release|Any CPU.Build.0 = Release|Any CPU
	EndGlobalSection
	GlobalSection(SolutionProperties) = preSolution
		HideSolutionNode = FALSE
	EndGlobalSection
EndGlobal
