
Microsoft Visual Studio Solution File, Format Version 12.00
# Visual Studio 15
Project("{FAE04EC0-301F-11D3-BF4B-00C04F79EFBC}") = "Assembly-CSharp", "Assembly-CSharp.csproj", "{D23FEA2B-41CB-9484-4314-6BAA61AD6E73}"
EndProject
Project("{FAE04EC0-301F-11D3-BF4B-00C04F79EFBC}") = "Assembly-CSharp-Editor", "Assembly-CSharp-Editor.csproj", "{D4F936FA-1C98-07DD-E993-3F39E15C88CF}"
EndProject
Global
	GlobalSection(SolutionConfigurationPlatforms) = preSolution
		Debug|Any CPU = Debug|Any CPU
		Release|Any CPU = Release|Any CPU
	EndGlobalSection
	GlobalSection(ProjectConfigurationPlatforms) = postSolution
		{D23FEA2B-41CB-9484-4314-6BAA61AD6E73}.Debug|Any CPU.ActiveCfg = Debug|Any CPU
		{D23FEA2B-41CB-9484-4314-6BAA61AD6E73}.Debug|Any CPU.Build.0 = Debug|Any CPU
		{D23FEA2B-41CB-9484-4314-6BAA61AD6E73}.Release|Any CPU.ActiveCfg = Release|Any CPU
		{D23FEA2B-41CB-9484-4314-6BAA61AD6E73}.Release|Any CPU.Build.0 = Release|Any CPU
		{D4F936FA-1C98-07DD-E993-3F39E15C88CF}.Debug|Any CPU.ActiveCfg = Debug|Any CPU
		{D4F936FA-1C98-07DD-E993-3F39E15C88CF}.Debug|Any CPU.Build.0 = Debug|Any CPU
		{D4F936FA-1C98-07DD-E993-3F39E15C88CF}.Release|Any CPU.ActiveCfg = Release|Any CPU
		{D4F936FA-1C98-07DD-E993-3F39E15C88CF}.Release|Any CPU.Build.0 = Release|Any CPU
	EndGlobalSection
	GlobalSection(SolutionProperties) = preSolution
		HideSolutionNode = FALSE
	EndGlobalSection
EndGlobal
