
Microsoft Visual Studio Solution File, Format Version 12.00
# Visual Studio 16
Project("{FAE04EC0-301F-11D3-BF4B-00C04F79EFBC}") = "Assembly-CSharp", "Assembly-CSharp.csproj", "{2D472A05-DFE3-53F9-827C-7990C0507209}"
EndProject
Project("{FAE04EC0-301F-11D3-BF4B-00C04F79EFBC}") = "Assembly-CSharp-Editor", "Assembly-CSharp-Editor.csproj", "{ABCC3C32-FB21-F4AD-6BBF-6683C0C1B866}"
EndProject
Global
	GlobalSection(SolutionConfigurationPlatforms) = preSolution
		Debug|Any CPU = Debug|Any CPU
		Release|Any CPU = Release|Any CPU
	EndGlobalSection
	GlobalSection(ProjectConfigurationPlatforms) = postSolution
		{2D472A05-DFE3-53F9-827C-7990C0507209}.Debug|Any CPU.ActiveCfg = Debug|Any CPU
		{2D472A05-DFE3-53F9-827C-7990C0507209}.Debug|Any CPU.Build.0 = Debug|Any CPU
		{2D472A05-DFE3-53F9-827C-7990C0507209}.Release|Any CPU.ActiveCfg = Release|Any CPU
		{2D472A05-DFE3-53F9-827C-7990C0507209}.Release|Any CPU.Build.0 = Release|Any CPU
		{ABCC3C32-FB21-F4AD-6BBF-6683C0C1B866}.Debug|Any CPU.ActiveCfg = Debug|Any CPU
		{ABCC3C32-FB21-F4AD-6BBF-6683C0C1B866}.Debug|Any CPU.Build.0 = Debug|Any CPU
		{ABCC3C32-FB21-F4AD-6BBF-6683C0C1B866}.Release|Any CPU.ActiveCfg = Release|Any CPU
		{ABCC3C32-FB21-F4AD-6BBF-6683C0C1B866}.Release|Any CPU.Build.0 = Release|Any CPU
	EndGlobalSection
	GlobalSection(SolutionProperties) = preSolution
		HideSolutionNode = FALSE
	EndGlobalSection
EndGlobal
